
Microsoft Visual Studio Solution File, Format Version 12.00
# Visual Studio 15
VisualStudioVersion = 15.0.27428.2027
MinimumVisualStudioVersion = 10.0.40219.1
Project("{FAE04EC0-301F-11D3-BF4B-00C04F79EFBC}") = "StudApp_AppDev", "StudApp_AppDev\StudApp_AppDev.csproj", "{38D84D44-542B-446D-8A81-7871DC59A572}"
EndProject
Project("{FAE04EC0-301F-11D3-BF4B-00C04F79EFBC}") = "StudApp_AppDev.Tests", "StudApp_AppDev.Tests\StudApp_AppDev.Tests.csproj", "{517BF514-F630-4A40-89A7-9F5F35EEE86B}"
EndProject
Global
	GlobalSection(SolutionConfigurationPlatforms) = preSolution
		Debug|Any CPU = Debug|Any CPU
		Release|Any CPU = Release|Any CPU
	EndGlobalSection
	GlobalSection(ProjectConfigurationPlatforms) = postSolution
		{38D84D44-542B-446D-8A81-7871DC59A572}.Debug|Any CPU.ActiveCfg = Debug|Any CPU
		{38D84D44-542B-446D-8A81-7871DC59A572}.Debug|Any CPU.Build.0 = Debug|Any CPU
		{38D84D44-542B-446D-8A81-7871DC59A572}.Release|Any CPU.ActiveCfg = Release|Any CPU
		{38D84D44-542B-446D-8A81-7871DC59A572}.Release|Any CPU.Build.0 = Release|Any CPU
		{517BF514-F630-4A40-89A7-9F5F35EEE86B}.Debug|Any CPU.ActiveCfg = Debug|Any CPU
		{517BF514-F630-4A40-89A7-9F5F35EEE86B}.Debug|Any CPU.Build.0 = Debug|Any CPU
		{517BF514-F630-4A40-89A7-9F5F35EEE86B}.Release|Any CPU.ActiveCfg = Release|Any CPU
		{517BF514-F630-4A40-89A7-9F5F35EEE86B}.Release|Any CPU.Build.0 = Release|Any CPU
	EndGlobalSection
	GlobalSection(SolutionProperties) = preSolution
		HideSolutionNode = FALSE
	EndGlobalSection
	GlobalSection(ExtensibilityGlobals) = postSolution
		SolutionGuid = {715AA3D9-C5A5-4CC3-91AD-586127EB2F9B}
	EndGlobalSection
EndGlobal
